
Microsoft Visual Studio Solution File, Format Version 12.00
# Visual Studio 2012
Project("{2150E333-8FDC-42A3-9474-1A3956D46DE8}") = "Tests", "Tests", "{06ED661C-3045-4AEC-8246-5684F5B97847}"
EndProject
Project("{2150E333-8FDC-42A3-9474-1A3956D46DE8}") = "Solution Items", "Solution Items", "{A5EAB1A0-8B24-4867-B13D-1741296A16DA}"
	ProjectSection(SolutionItems) = preProject
		nuget.config = nuget.config
	EndProjectSection
EndProject
Project("{FAE04EC0-301F-11D3-BF4B-00C04F79EFBC}") = "YADA", "..\Projects\YADA\YADA.csproj", "{B0C8221C-24A6-46A5-B34C-6E7F86C0288A}"
EndProject
Project("{FAE04EC0-301F-11D3-BF4B-00C04F79EFBC}") = "YADA.Acceptance", "..\Projects\YADA.Acceptance\YADA.Acceptance.csproj", "{52EABDC9-9965-4812-8CF9-7A7FE0659F0E}"
EndProject
Project("{FAE04EC0-301F-11D3-BF4B-00C04F79EFBC}") = "PerformanceTuningProject", "PerformanceTuningProject\PerformanceTuningProject.csproj", "{B63E6C85-5C49-4F65-A549-378F12BB1530}"
EndProject
Global
	GlobalSection(SolutionConfigurationPlatforms) = preSolution
		Debug|Any CPU = Debug|Any CPU
		Debug|Mixed Platforms = Debug|Mixed Platforms
		Debug|x86 = Debug|x86
		Release|Any CPU = Release|Any CPU
		Release|Mixed Platforms = Release|Mixed Platforms
		Release|x86 = Release|x86
	EndGlobalSection
	GlobalSection(ProjectConfigurationPlatforms) = postSolution
		{B0C8221C-24A6-46A5-B34C-6E7F86C0288A}.Debug|Any CPU.ActiveCfg = Debug|Any CPU
		{B0C8221C-24A6-46A5-B34C-6E7F86C0288A}.Debug|Any CPU.Build.0 = Debug|Any CPU
		{B0C8221C-24A6-46A5-B34C-6E7F86C0288A}.Debug|Mixed Platforms.ActiveCfg = Debug|Any CPU
		{B0C8221C-24A6-46A5-B34C-6E7F86C0288A}.Debug|Mixed Platforms.Build.0 = Debug|Any CPU
		{B0C8221C-24A6-46A5-B34C-6E7F86C0288A}.Debug|x86.ActiveCfg = Debug|Any CPU
		{B0C8221C-24A6-46A5-B34C-6E7F86C0288A}.Release|Any CPU.ActiveCfg = Release|Any CPU
		{B0C8221C-24A6-46A5-B34C-6E7F86C0288A}.Release|Any CPU.Build.0 = Release|Any CPU
		{B0C8221C-24A6-46A5-B34C-6E7F86C0288A}.Release|Mixed Platforms.ActiveCfg = Release|Any CPU
		{B0C8221C-24A6-46A5-B34C-6E7F86C0288A}.Release|Mixed Platforms.Build.0 = Release|Any CPU
		{B0C8221C-24A6-46A5-B34C-6E7F86C0288A}.Release|x86.ActiveCfg = Release|Any CPU
		{52EABDC9-9965-4812-8CF9-7A7FE0659F0E}.Debug|Any CPU.ActiveCfg = Debug|Any CPU
		{52EABDC9-9965-4812-8CF9-7A7FE0659F0E}.Debug|Any CPU.Build.0 = Debug|Any CPU
		{52EABDC9-9965-4812-8CF9-7A7FE0659F0E}.Debug|Mixed Platforms.ActiveCfg = Debug|Any CPU
		{52EABDC9-9965-4812-8CF9-7A7FE0659F0E}.Debug|Mixed Platforms.Build.0 = Debug|Any CPU
		{52EABDC9-9965-4812-8CF9-7A7FE0659F0E}.Debug|x86.ActiveCfg = Debug|Any CPU
		{52EABDC9-9965-4812-8CF9-7A7FE0659F0E}.Release|Any CPU.ActiveCfg = Release|Any CPU
		{52EABDC9-9965-4812-8CF9-7A7FE0659F0E}.Release|Any CPU.Build.0 = Release|Any CPU
		{52EABDC9-9965-4812-8CF9-7A7FE0659F0E}.Release|Mixed Platforms.ActiveCfg = Release|Any CPU
		{52EABDC9-9965-4812-8CF9-7A7FE0659F0E}.Release|Mixed Platforms.Build.0 = Release|Any CPU
		{52EABDC9-9965-4812-8CF9-7A7FE0659F0E}.Release|x86.ActiveCfg = Release|Any CPU
		{B63E6C85-5C49-4F65-A549-378F12BB1530}.Debug|Any CPU.ActiveCfg = Debug|x86
		{B63E6C85-5C49-4F65-A549-378F12BB1530}.Debug|Mixed Platforms.ActiveCfg = Debug|x86
		{B63E6C85-5C49-4F65-A549-378F12BB1530}.Debug|Mixed Platforms.Build.0 = Debug|x86
		{B63E6C85-5C49-4F65-A549-378F12BB1530}.Debug|x86.ActiveCfg = Debug|x86
		{B63E6C85-5C49-4F65-A549-378F12BB1530}.Debug|x86.Build.0 = Debug|x86
		{B63E6C85-5C49-4F65-A549-378F12BB1530}.Release|Any CPU.ActiveCfg = Release|x86
		{B63E6C85-5C49-4F65-A549-378F12BB1530}.Release|Mixed Platforms.ActiveCfg = Release|x86
		{B63E6C85-5C49-4F65-A549-378F12BB1530}.Release|Mixed Platforms.Build.0 = Release|x86
		{B63E6C85-5C49-4F65-A549-378F12BB1530}.Release|x86.ActiveCfg = Release|x86
		{B63E6C85-5C49-4F65-A549-378F12BB1530}.Release|x86.Build.0 = Release|x86
	EndGlobalSection
	GlobalSection(SolutionProperties) = preSolution
		HideSolutionNode = FALSE
	EndGlobalSection
	GlobalSection(NestedProjects) = preSolution
		{52EABDC9-9965-4812-8CF9-7A7FE0659F0E} = {06ED661C-3045-4AEC-8246-5684F5B97847}
		{B63E6C85-5C49-4F65-A549-378F12BB1530} = {06ED661C-3045-4AEC-8246-5684F5B97847}
	EndGlobalSection
EndGlobal
