
Microsoft Visual Studio Solution File, Format Version 12.00
# Visual Studio 2012
Project("{2150E333-8FDC-42A3-9474-1A3956D46DE8}") = "Tests", "Tests", "{06ED661C-3045-4AEC-8246-5684F5B97847}"
EndProject
Project("{2150E333-8FDC-42A3-9474-1A3956D46DE8}") = "Solution Items", "Solution Items", "{A5EAB1A0-8B24-4867-B13D-1741296A16DA}"
	ProjectSection(SolutionItems) = preProject
		nuget.config = nuget.config
	EndProjectSection
EndProject
Project("{FAE04EC0-301F-11D3-BF4B-00C04F79EFBC}") = "YADA", "..\Projects\YADA\YADA.csproj", "{B0C8221C-24A6-46A5-B34C-6E7F86C0288A}"
EndProject
Project("{FAE04EC0-301F-11D3-BF4B-00C04F79EFBC}") = "YADA.UnitTests", "YADA.UnitTests\YADA.UnitTests.csproj", "{05962606-A8EA-4657-80BE-B48C9FBEE290}"
EndProject
Global
	GlobalSection(SolutionConfigurationPlatforms) = preSolution
		Debug|Any CPU = Debug|Any CPU
		Release|Any CPU = Release|Any CPU
	EndGlobalSection
	GlobalSection(ProjectConfigurationPlatforms) = postSolution
		{B0C8221C-24A6-46A5-B34C-6E7F86C0288A}.Debug|Any CPU.ActiveCfg = Debug|Any CPU
		{B0C8221C-24A6-46A5-B34C-6E7F86C0288A}.Debug|Any CPU.Build.0 = Debug|Any CPU
		{B0C8221C-24A6-46A5-B34C-6E7F86C0288A}.Release|Any CPU.ActiveCfg = Release|Any CPU
		{B0C8221C-24A6-46A5-B34C-6E7F86C0288A}.Release|Any CPU.Build.0 = Release|Any CPU
		{05962606-A8EA-4657-80BE-B48C9FBEE290}.Debug|Any CPU.ActiveCfg = Debug|Any CPU
		{05962606-A8EA-4657-80BE-B48C9FBEE290}.Debug|Any CPU.Build.0 = Debug|Any CPU
		{05962606-A8EA-4657-80BE-B48C9FBEE290}.Release|Any CPU.ActiveCfg = Release|Any CPU
		{05962606-A8EA-4657-80BE-B48C9FBEE290}.Release|Any CPU.Build.0 = Release|Any CPU
	EndGlobalSection
	GlobalSection(SolutionProperties) = preSolution
		HideSolutionNode = FALSE
	EndGlobalSection
	GlobalSection(NestedProjects) = preSolution
		{05962606-A8EA-4657-80BE-B48C9FBEE290} = {06ED661C-3045-4AEC-8246-5684F5B97847}
	EndGlobalSection
EndGlobal
